
Microsoft Visual Studio Solution File, Format Version 12.00
# Visual Studio Version 16
VisualStudioVersion = 16.0.31005.135
MinimumVisualStudioVersion = 10.0.40219.1
Project("{FAE04EC0-301F-11D3-BF4B-00C04F79EFBC}") = "Challenge_26", "Challenge_26\Challenge_26.csproj", "{CC171D5D-3D15-4877-ADE1-40FA033DD80A}"
EndProject
Global
	GlobalSection(SolutionConfigurationPlatforms) = preSolution
		Debug|Any CPU = Debug|Any CPU
		Release|Any CPU = Release|Any CPU
	EndGlobalSection
	GlobalSection(ProjectConfigurationPlatforms) = postSolution
		{CC171D5D-3D15-4877-ADE1-40FA033DD80A}.Debug|Any CPU.ActiveCfg = Debug|Any CPU
		{CC171D5D-3D15-4877-ADE1-40FA033DD80A}.Debug|Any CPU.Build.0 = Debug|Any CPU
		{CC171D5D-3D15-4877-ADE1-40FA033DD80A}.Release|Any CPU.ActiveCfg = Release|Any CPU
		{CC171D5D-3D15-4877-ADE1-40FA033DD80A}.Release|Any CPU.Build.0 = Release|Any CPU
	EndGlobalSection
	GlobalSection(SolutionProperties) = preSolution
		HideSolutionNode = FALSE
	EndGlobalSection
	GlobalSection(ExtensibilityGlobals) = postSolution
		SolutionGuid = {DD9095EC-15B8-41F8-8A51-23E411C5357F}
	EndGlobalSection
EndGlobal
