
Microsoft Visual Studio Solution File, Format Version 12.00
# Visual Studio Version 16
VisualStudioVersion = 16.0.31129.286
MinimumVisualStudioVersion = 10.0.40219.1
Project("{FAE04EC0-301F-11D3-BF4B-00C04F79EFBC}") = "Challenge_1", "Challenge_1\Challenge_1.csproj", "{0FB7EA35-7BFC-4CD0-9F99-CEBA5DFB919D}"
EndProject
Global
	GlobalSection(SolutionConfigurationPlatforms) = preSolution
		Debug|Any CPU = Debug|Any CPU
		Release|Any CPU = Release|Any CPU
	EndGlobalSection
	GlobalSection(ProjectConfigurationPlatforms) = postSolution
		{0FB7EA35-7BFC-4CD0-9F99-CEBA5DFB919D}.Debug|Any CPU.ActiveCfg = Debug|Any CPU
		{0FB7EA35-7BFC-4CD0-9F99-CEBA5DFB919D}.Debug|Any CPU.Build.0 = Debug|Any CPU
		{0FB7EA35-7BFC-4CD0-9F99-CEBA5DFB919D}.Release|Any CPU.ActiveCfg = Release|Any CPU
		{0FB7EA35-7BFC-4CD0-9F99-CEBA5DFB919D}.Release|Any CPU.Build.0 = Release|Any CPU
	EndGlobalSection
	GlobalSection(SolutionProperties) = preSolution
		HideSolutionNode = FALSE
	EndGlobalSection
	GlobalSection(ExtensibilityGlobals) = postSolution
		SolutionGuid = {19AE2AB9-4BAE-4F38-A665-5A6CCDAAE67D}
	EndGlobalSection
EndGlobal
