
Microsoft Visual Studio Solution File, Format Version 12.00
# Visual Studio Version 16
VisualStudioVersion = 16.0.30611.23
MinimumVisualStudioVersion = 10.0.40219.1
Project("{FAE04EC0-301F-11D3-BF4B-00C04F79EFBC}") = "Challenge_21", "Challenge_21\Challenge_21.csproj", "{C57D0BA2-FC31-4B06-9CAE-BB109CEC84CD}"
EndProject
Global
	GlobalSection(SolutionConfigurationPlatforms) = preSolution
		Debug|Any CPU = Debug|Any CPU
		Release|Any CPU = Release|Any CPU
	EndGlobalSection
	GlobalSection(ProjectConfigurationPlatforms) = postSolution
		{C57D0BA2-FC31-4B06-9CAE-BB109CEC84CD}.Debug|Any CPU.ActiveCfg = Debug|Any CPU
		{C57D0BA2-FC31-4B06-9CAE-BB109CEC84CD}.Debug|Any CPU.Build.0 = Debug|Any CPU
		{C57D0BA2-FC31-4B06-9CAE-BB109CEC84CD}.Release|Any CPU.ActiveCfg = Release|Any CPU
		{C57D0BA2-FC31-4B06-9CAE-BB109CEC84CD}.Release|Any CPU.Build.0 = Release|Any CPU
	EndGlobalSection
	GlobalSection(SolutionProperties) = preSolution
		HideSolutionNode = FALSE
	EndGlobalSection
	GlobalSection(ExtensibilityGlobals) = postSolution
		SolutionGuid = {F836A78B-65CD-4E0F-9C90-D3404E74D442}
	EndGlobalSection
EndGlobal
