
Microsoft Visual Studio Solution File, Format Version 12.00
# Visual Studio Version 16
VisualStudioVersion = 16.0.31005.135
MinimumVisualStudioVersion = 10.0.40219.1
Project("{FAE04EC0-301F-11D3-BF4B-00C04F79EFBC}") = "Challenge_27", "Challenge_27\Challenge_27.csproj", "{1A4F0A98-2AEF-4E0D-B73C-B5F97F951D26}"
EndProject
Global
	GlobalSection(SolutionConfigurationPlatforms) = preSolution
		Debug|Any CPU = Debug|Any CPU
		Release|Any CPU = Release|Any CPU
	EndGlobalSection
	GlobalSection(ProjectConfigurationPlatforms) = postSolution
		{1A4F0A98-2AEF-4E0D-B73C-B5F97F951D26}.Debug|Any CPU.ActiveCfg = Debug|Any CPU
		{1A4F0A98-2AEF-4E0D-B73C-B5F97F951D26}.Debug|Any CPU.Build.0 = Debug|Any CPU
		{1A4F0A98-2AEF-4E0D-B73C-B5F97F951D26}.Release|Any CPU.ActiveCfg = Release|Any CPU
		{1A4F0A98-2AEF-4E0D-B73C-B5F97F951D26}.Release|Any CPU.Build.0 = Release|Any CPU
	EndGlobalSection
	GlobalSection(SolutionProperties) = preSolution
		HideSolutionNode = FALSE
	EndGlobalSection
	GlobalSection(ExtensibilityGlobals) = postSolution
		SolutionGuid = {EF1F7399-B37B-43E4-A668-49ADA8075D94}
	EndGlobalSection
EndGlobal
