
Microsoft Visual Studio Solution File, Format Version 12.00
# Visual Studio Version 16
VisualStudioVersion = 16.0.31005.135
MinimumVisualStudioVersion = 10.0.40219.1
Project("{FAE04EC0-301F-11D3-BF4B-00C04F79EFBC}") = "Challenge_35", "Challenge_35\Challenge_35.csproj", "{443AFE48-7FDD-4B05-B658-11E1424D58C1}"
EndProject
Global
	GlobalSection(SolutionConfigurationPlatforms) = preSolution
		Debug|Any CPU = Debug|Any CPU
		Release|Any CPU = Release|Any CPU
	EndGlobalSection
	GlobalSection(ProjectConfigurationPlatforms) = postSolution
		{443AFE48-7FDD-4B05-B658-11E1424D58C1}.Debug|Any CPU.ActiveCfg = Debug|Any CPU
		{443AFE48-7FDD-4B05-B658-11E1424D58C1}.Debug|Any CPU.Build.0 = Debug|Any CPU
		{443AFE48-7FDD-4B05-B658-11E1424D58C1}.Release|Any CPU.ActiveCfg = Release|Any CPU
		{443AFE48-7FDD-4B05-B658-11E1424D58C1}.Release|Any CPU.Build.0 = Release|Any CPU
	EndGlobalSection
	GlobalSection(SolutionProperties) = preSolution
		HideSolutionNode = FALSE
	EndGlobalSection
	GlobalSection(ExtensibilityGlobals) = postSolution
		SolutionGuid = {5F07F8E4-2916-4147-BDD3-1369F0B2E28A}
	EndGlobalSection
EndGlobal
