
Microsoft Visual Studio Solution File, Format Version 12.00
# Visual Studio Version 16
VisualStudioVersion = 16.0.31005.135
MinimumVisualStudioVersion = 10.0.40219.1
Project("{FAE04EC0-301F-11D3-BF4B-00C04F79EFBC}") = "Challenge_30", "Challenge_30\Challenge_30.csproj", "{37664CD8-9E1A-402B-8D79-AE98A2B0D1A6}"
EndProject
Global
	GlobalSection(SolutionConfigurationPlatforms) = preSolution
		Debug|Any CPU = Debug|Any CPU
		Release|Any CPU = Release|Any CPU
	EndGlobalSection
	GlobalSection(ProjectConfigurationPlatforms) = postSolution
		{37664CD8-9E1A-402B-8D79-AE98A2B0D1A6}.Debug|Any CPU.ActiveCfg = Debug|Any CPU
		{37664CD8-9E1A-402B-8D79-AE98A2B0D1A6}.Debug|Any CPU.Build.0 = Debug|Any CPU
		{37664CD8-9E1A-402B-8D79-AE98A2B0D1A6}.Release|Any CPU.ActiveCfg = Release|Any CPU
		{37664CD8-9E1A-402B-8D79-AE98A2B0D1A6}.Release|Any CPU.Build.0 = Release|Any CPU
	EndGlobalSection
	GlobalSection(SolutionProperties) = preSolution
		HideSolutionNode = FALSE
	EndGlobalSection
	GlobalSection(ExtensibilityGlobals) = postSolution
		SolutionGuid = {6AC272B6-3AF2-4609-9D82-B64B7044FA64}
	EndGlobalSection
EndGlobal
